hash: 928f4c1540efc02f6b23129b999f60787e603399582e888a61ad404cfa61b35e
updated: 2018-04-28T18:02:28.104719+09:00
imports:
- name: github.com/jbenet/go-base58
  version: 6237cf65f3a6f7111cd8a42be3590df99a66bc7d
- name: github.com/stretchr/testify
  version: 12b6f73e6084dad08a7c6e575284b177ecafbc71
- name: google.golang.org/grpc
  version: 8e4536a86ab602859c20df5ebfd0bd4228d08655
testImports: []
